Microsoft Visual Studio Solution File, Format Version 12.00
# Visual Studio Version 16
VisualStudioVersion = 16.0.28922.388
MinimumVisualStudioVersion = 10.0.40219.1
Project("{FAE04EC0-301F-11D3-BF4B-00C04F79EFBC}") = "smartCubes.Android", "smartCubes.Android\smartCubes.Android.csproj", "{C16E262C-F180-4A79-91FE-8EE50997D69D}"
EndProject
Project("{FAE04EC0-301F-11D3-BF4B-00C04F79EFBC}") = "smartCubes.iOS", "smartCubes.iOS\smartCubes.iOS.csproj", "{FD3A4303-1AA4-4BE4-8521-DE504B9E0379}"
EndProject
Project("{9A19103F-16F7-4668-BE54-9A1E7A4F7556}") = "smartCubes", "smartCubes\smartCubes.csproj", "{5AC50235-C5F0-4F8E-915D-34C114810933}"
EndProject
Global
	GlobalSection(SolutionConfigurationPlatforms) = preSolution
		Ad-Hoc|Any CPU = Ad-Hoc|Any CPU
		Ad-Hoc|iPhone = Ad-Hoc|iPhone
		Ad-Hoc|iPhoneSimulator = Ad-Hoc|iPhoneSimulator
		Ad-Hoc|x64 = Ad-Hoc|x64
		AppStore|Any CPU = AppStore|Any CPU
		AppStore|iPhone = AppStore|iPhone
		AppStore|iPhoneSimulator = AppStore|iPhoneSimulator
		AppStore|x64 = AppStore|x64
		Debug|Any CPU = Debug|Any CPU
		Debug|iPhone = Debug|iPhone
		Debug|iPhoneSimulator = Debug|iPhoneSimulator
		Debug|x64 = Debug|x64
		Release|Any CPU = Release|Any CPU
		Release|iPhone = Release|iPhone
		Release|iPhoneSimulator = Release|iPhoneSimulator
		Release|x64 = Release|x64
	EndGlobalSection
	GlobalSection(ProjectConfigurationPlatforms) = postSolution
		{C16E262C-F180-4A79-91FE-8EE50997D69D}.Ad-Hoc|Any CPU.ActiveCfg = Release|Any CPU
		{C16E262C-F180-4A79-91FE-8EE50997D69D}.Ad-Hoc|Any CPU.Build.0 = Release|Any CPU
		{C16E262C-F180-4A79-91FE-8EE50997D69D}.Ad-Hoc|Any CPU.Deploy.0 = Release|Any CPU
		{C16E262C-F180-4A79-91FE-8EE50997D69D}.Ad-Hoc|iPhone.ActiveCfg = Debug|Any CPU
		{C16E262C-F180-4A79-91FE-8EE50997D69D}.Ad-Hoc|iPhone.Build.0 = Debug|Any CPU
		{C16E262C-F180-4A79-91FE-8EE50997D69D}.Ad-Hoc|iPhoneSimulator.ActiveCfg = Release|Any CPU
		{C16E262C-F180-4A79-91FE-8EE50997D69D}.Ad-Hoc|iPhoneSimulator.Build.0 = Release|Any CPU
		{C16E262C-F180-4A79-91FE-8EE50997D69D}.Ad-Hoc|iPhoneSimulator.Deploy.0 = Release|Any CPU
		{C16E262C-F180-4A79-91FE-8EE50997D69D}.Ad-Hoc|x64.ActiveCfg = Debug|Any CPU
		{C16E262C-F180-4A79-91FE-8EE50997D69D}.Ad-Hoc|x64.Build.0 = Debug|Any CPU
		{C16E262C-F180-4A79-91FE-8EE50997D69D}.Ad-Hoc|x64.Deploy.0 = Debug|Any CPU
		{C16E262C-F180-4A79-91FE-8EE50997D69D}.AppStore|Any CPU.ActiveCfg = Release|Any CPU
		{C16E262C-F180-4A79-91FE-8EE50997D69D}.AppStore|Any CPU.Build.0 = Release|Any CPU
		{C16E262C-F180-4A79-91FE-8EE50997D69D}.AppStore|Any CPU.Deploy.0 = Release|Any CPU
		{C16E262C-F180-4A79-91FE-8EE50997D69D}.AppStore|iPhone.ActiveCfg = Debug|Any CPU
		{C16E262C-F180-4A79-91FE-8EE50997D69D}.AppStore|iPhone.Build.0 = Debug|Any CPU
		{C16E262C-F180-4A79-91FE-8EE50997D69D}.AppStore|iPhoneSimulator.ActiveCfg = Release|Any CPU
		{C16E262C-F180-4A79-91FE-8EE50997D69D}.AppStore|iPhoneSimulator.Build.0 = Release|Any CPU
		{C16E262C-F180-4A79-91FE-8EE50997D69D}.AppStore|iPhoneSimulator.Deploy.0 = Release|Any CPU
		{C16E262C-F180-4A79-91FE-8EE50997D69D}.AppStore|x64.ActiveCfg = Debug|Any CPU
		{C16E262C-F180-4A79-91FE-8EE50997D69D}.AppStore|x64.Build.0 = Debug|Any CPU
		{C16E262C-F180-4A79-91FE-8EE50997D69D}.AppStore|x64.Deploy.0 = Debug|Any CPU
		{C16E262C-F180-4A79-91FE-8EE50997D69D}.Debug|Any CPU.ActiveCfg = Debug|Any CPU
		{C16E262C-F180-4A79-91FE-8EE50997D69D}.Debug|Any CPU.Build.0 = Debug|Any CPU
		{C16E262C-F180-4A79-91FE-8EE50997D69D}.Debug|iPhone.ActiveCfg = Debug|Any CPU
		{C16E262C-F180-4A79-91FE-8EE50997D69D}.Debug|iPhone.Build.0 = Debug|Any CPU
		{C16E262C-F180-4A79-91FE-8EE50997D69D}.Debug|iPhoneSimulator.ActiveCfg = Debug|Any CPU
		{C16E262C-F180-4A79-91FE-8EE50997D69D}.Debug|iPhoneSimulator.Build.0 = Debug|Any CPU
		{C16E262C-F180-4A79-91FE-8EE50997D69D}.Debug|x64.ActiveCfg = Debug|Any CPU
		{C16E262C-F180-4A79-91FE-8EE50997D69D}.Debug|x64.Build.0 = Debug|Any CPU
		{C16E262C-F180-4A79-91FE-8EE50997D69D}.Debug|x64.Deploy.0 = Debug|Any CPU
		{C16E262C-F180-4A79-91FE-8EE50997D69D}.Release|Any CPU.ActiveCfg = Release|Any CPU
		{C16E262C-F180-4A79-91FE-8EE50997D69D}.Release|Any CPU.Build.0 = Release|Any CPU
		{C16E262C-F180-4A79-91FE-8EE50997D69D}.Release|iPhone.ActiveCfg = Release|Any CPU
		{C16E262C-F180-4A79-91FE-8EE50997D69D}.Release|iPhone.Build.0 = Release|Any CPU
		{C16E262C-F180-4A79-91FE-8EE50997D69D}.Release|iPhoneSimulator.ActiveCfg = Release|Any CPU
		{C16E262C-F180-4A79-91FE-8EE50997D69D}.Release|iPhoneSimulator.Build.0 = Release|Any CPU
		{C16E262C-F180-4A79-91FE-8EE50997D69D}.Release|x64.ActiveCfg = Release|Any CPU
		{C16E262C-F180-4A79-91FE-8EE50997D69D}.Release|x64.Build.0 = Release|Any CPU
		{C16E262C-F180-4A79-91FE-8EE50997D69D}.Release|x64.Deploy.0 = Release|Any CPU
		{FD3A4303-1AA4-4BE4-8521-DE504B9E0379}.Ad-Hoc|Any CPU.ActiveCfg = Ad-Hoc|iPhoneSimulator
		{FD3A4303-1AA4-4BE4-8521-DE504B9E0379}.Ad-Hoc|iPhone.ActiveCfg = Ad-Hoc|iPhone
		{FD3A4303-1AA4-4BE4-8521-DE504B9E0379}.Ad-Hoc|iPhone.Build.0 = Ad-Hoc|iPhone
		{FD3A4303-1AA4-4BE4-8521-DE504B9E0379}.Ad-Hoc|iPhoneSimulator.ActiveCfg = Ad-Hoc|iPhoneSimulator
		{FD3A4303-1AA4-4BE4-8521-DE504B9E0379}.Ad-Hoc|iPhoneSimulator.Build.0 = Ad-Hoc|iPhoneSimulator
		{FD3A4303-1AA4-4BE4-8521-DE504B9E0379}.Ad-Hoc|x64.ActiveCfg = Ad-Hoc|iPhone
		{FD3A4303-1AA4-4BE4-8521-DE504B9E0379}.AppStore|Any CPU.ActiveCfg = AppStore|iPhoneSimulator
		{FD3A4303-1AA4-4BE4-8521-DE504B9E0379}.AppStore|iPhone.ActiveCfg = AppStore|iPhone
		{FD3A4303-1AA4-4BE4-8521-DE504B9E0379}.AppStore|iPhone.Build.0 = AppStore|iPhone
		{FD3A4303-1AA4-4BE4-8521-DE504B9E0379}.AppStore|iPhoneSimulator.ActiveCfg = AppStore|iPhoneSimulator
		{FD3A4303-1AA4-4BE4-8521-DE504B9E0379}.AppStore|iPhoneSimulator.Build.0 = AppStore|iPhoneSimulator
		{FD3A4303-1AA4-4BE4-8521-DE504B9E0379}.AppStore|x64.ActiveCfg = AppStore|iPhone
		{FD3A4303-1AA4-4BE4-8521-DE504B9E0379}.Debug|Any CPU.ActiveCfg = Debug|iPhoneSimulator
		{FD3A4303-1AA4-4BE4-8521-DE504B9E0379}.Debug|Any CPU.Build.0 = Debug|iPhoneSimulator
		{FD3A4303-1AA4-4BE4-8521-DE504B9E0379}.Debug|iPhone.ActiveCfg = Debug|iPhone
		{FD3A4303-1AA4-4BE4-8521-DE504B9E0379}.Debug|iPhone.Build.0 = Debug|iPhone
		{FD3A4303-1AA4-4BE4-8521-DE504B9E0379}.Debug|iPhoneSimulator.ActiveCfg = Debug|iPhoneSimulator
		{FD3A4303-1AA4-4BE4-8521-DE504B9E0379}.Debug|iPhoneSimulator.Build.0 = Debug|iPhoneSimulator
		{FD3A4303-1AA4-4BE4-8521-DE504B9E0379}.Debug|x64.ActiveCfg = Debug|iPhone
		{FD3A4303-1AA4-4BE4-8521-DE504B9E0379}.Release|Any CPU.ActiveCfg = Release|iPhoneSimulator
		{FD3A4303-1AA4-4BE4-8521-DE504B9E0379}.Release|Any CPU.Build.0 = Release|iPhoneSimulator
		{FD3A4303-1AA4-4BE4-8521-DE504B9E0379}.Release|iPhone.ActiveCfg = Release|iPhone
		{FD3A4303-1AA4-4BE4-8521-DE504B9E0379}.Release|iPhone.Build.0 = Release|iPhone
		{FD3A4303-1AA4-4BE4-8521-DE504B9E0379}.Release|iPhoneSimulator.ActiveCfg = Release|iPhoneSimulator
		{FD3A4303-1AA4-4BE4-8521-DE504B9E0379}.Release|iPhoneSimulator.Build.0 = Release|iPhoneSimulator
		{FD3A4303-1AA4-4BE4-8521-DE504B9E0379}.Release|x64.ActiveCfg = Release|iPhone
		{5AC50235-C5F0-4F8E-915D-34C114810933}.Ad-Hoc|Any CPU.ActiveCfg = Release|Any CPU
		{5AC50235-C5F0-4F8E-915D-34C114810933}.Ad-Hoc|Any CPU.Build.0 = Release|Any CPU
		{5AC50235-C5F0-4F8E-915D-34C114810933}.Ad-Hoc|iPhone.ActiveCfg = Debug|Any CPU
		{5AC50235-C5F0-4F8E-915D-34C114810933}.Ad-Hoc|iPhone.Build.0 = Debug|Any CPU
		{5AC50235-C5F0-4F8E-915D-34C114810933}.Ad-Hoc|iPhoneSimulator.ActiveCfg = Release|Any CPU
		{5AC50235-C5F0-4F8E-915D-34C114810933}.Ad-Hoc|iPhoneSimulator.Build.0 = Release|Any CPU
		{5AC50235-C5F0-4F8E-915D-34C114810933}.Ad-Hoc|x64.ActiveCfg = Debug|Any CPU
		{5AC50235-C5F0-4F8E-915D-34C114810933}.Ad-Hoc|x64.Build.0 = Debug|Any CPU
		{5AC50235-C5F0-4F8E-915D-34C114810933}.AppStore|Any CPU.ActiveCfg = Release|Any CPU
		{5AC50235-C5F0-4F8E-915D-34C114810933}.AppStore|Any CPU.Build.0 = Release|Any CPU
		{5AC50235-C5F0-4F8E-915D-34C114810933}.AppStore|iPhone.ActiveCfg = Debug|Any CPU
		{5AC50235-C5F0-4F8E-915D-34C114810933}.AppStore|iPhone.Build.0 = Debug|Any CPU
		{5AC50235-C5F0-4F8E-915D-34C114810933}.AppStore|iPhoneSimulator.ActiveCfg = Release|Any CPU
		{5AC50235-C5F0-4F8E-915D-34C114810933}.AppStore|iPhoneSimulator.Build.0 = Release|Any CPU
		{5AC50235-C5F0-4F8E-915D-34C114810933}.AppStore|x64.ActiveCfg = Debug|Any CPU
		{5AC50235-C5F0-4F8E-915D-34C114810933}.AppStore|x64.Build.0 = Debug|Any CPU
		{5AC50235-C5F0-4F8E-915D-34C114810933}.Debug|Any CPU.ActiveCfg = Debug|Any CPU
		{5AC50235-C5F0-4F8E-915D-34C114810933}.Debug|Any CPU.Build.0 = Debug|Any CPU
		{5AC50235-C5F0-4F8E-915D-34C114810933}.Debug|iPhone.ActiveCfg = Debug|Any CPU
		{5AC50235-C5F0-4F8E-915D-34C114810933}.Debug|iPhone.Build.0 = Debug|Any CPU
		{5AC50235-C5F0-4F8E-915D-34C114810933}.Debug|iPhoneSimulator.ActiveCfg = Debug|Any CPU
		{5AC50235-C5F0-4F8E-915D-34C114810933}.Debug|iPhoneSimulator.Build.0 = Debug|Any CPU
		{5AC50235-C5F0-4F8E-915D-34C114810933}.Debug|x64.ActiveCfg = Debug|Any CPU
		{5AC50235-C5F0-4F8E-915D-34C114810933}.Debug|x64.Build.0 = Debug|Any CPU
		{5AC50235-C5F0-4F8E-915D-34C114810933}.Release|Any CPU.ActiveCfg = Release|Any CPU
		{5AC50235-C5F0-4F8E-915D-34C114810933}.Release|Any CPU.Build.0 = Release|Any CPU
		{5AC50235-C5F0-4F8E-915D-34C114810933}.Release|iPhone.ActiveCfg = Release|Any CPU
		{5AC50235-C5F0-4F8E-915D-34C114810933}.Release|iPhone.Build.0 = Release|Any CPU
		{5AC50235-C5F0-4F8E-915D-34C114810933}.Release|iPhoneSimulator.ActiveCfg = Release|Any CPU
		{5AC50235-C5F0-4F8E-915D-34C114810933}.Release|iPhoneSimulator.Build.0 = Release|Any CPU
		{5AC50235-C5F0-4F8E-915D-34C114810933}.Release|x64.ActiveCfg = Release|Any CPU
		{5AC50235-C5F0-4F8E-915D-34C114810933}.Release|x64.Build.0 = Release|Any CPU
	EndGlobalSection
	GlobalSection(SolutionProperties) = preSolution
		HideSolutionNode = FALSE
	EndGlobalSection
	GlobalSection(ExtensibilityGlobals) = postSolution
		SolutionGuid = {DC0C4F94-2EFB-463D-B4AD-F3ED6C3A391E}
	EndGlobalSection
EndGlobal
